
Microsoft Visual Studio Solution File, Format Version 12.00
# Visual Studio 14
VisualStudioVersion = 14.0.25420.1
MinimumVisualStudioVersion = 10.0.40219.1
Project("{8BC9CEB8-8B4A-11D0-8D11-00A0C91BC942}") = "5.1a", "5.1\5.1.vcxproj", "{E03FF3F6-D5C7-438F-A27F-A8AD07D85DBB}"
EndProject
Project("{8BC9CEB8-8B4A-11D0-8D11-00A0C91BC942}") = "5.1b", "5.1b\5.1b.vcxproj", "{F1229A25-6D04-451F-AB2F-7AFEAA8B2E2C}"
EndProject
Project("{8BC9CEB8-8B4A-11D0-8D11-00A0C91BC942}") = "5.1c", "5.1c\5.1c.vcxproj", "{66899DA6-D2BB-405F-B15F-3E77F9E40C03}"
EndProject
Project("{8BC9CEB8-8B4A-11D0-8D11-00A0C91BC942}") = "5.1d", "5.1d\5.1d.vcxproj", "{C69CB46E-96AF-407E-8E14-7F28A807174B}"
EndProject
Project("{8BC9CEB8-8B4A-11D0-8D11-00A0C91BC942}") = "5.2", "5.2\5.2.vcxproj", "{6DF60F52-967E-40C2-A309-15076A9390C4}"
EndProject
Project("{8BC9CEB8-8B4A-11D0-8D11-00A0C91BC942}") = "6.1", "6.1\6.1.vcxproj", "{837C0013-1CD3-4A7D-9A49-62A69EAC9946}"
EndProject
Project("{8BC9CEB8-8B4A-11D0-8D11-00A0C91BC942}") = "6.2", "6.2\6.2.vcxproj", "{EB61444A-CB7E-4467-A435-4E984CC0FCE6}"
EndProject
Project("{8BC9CEB8-8B4A-11D0-8D11-00A0C91BC942}") = "6.3", "6.3\6.3.vcxproj", "{A162943D-8B86-4FA5-AA7A-410FD0C6CF36}"
EndProject
Project("{8BC9CEB8-8B4A-11D0-8D11-00A0C91BC942}") = "6.4", "6.4\6.4.vcxproj", "{48B5AEEE-CE99-44CC-8441-150F95182F69}"
EndProject
Project("{8BC9CEB8-8B4A-11D0-8D11-00A0C91BC942}") = "7.1", "7.1\7.1.vcxproj", "{D3714090-1C4A-4199-B8A4-69E1915B66F4}"
EndProject
Project("{8BC9CEB8-8B4A-11D0-8D11-00A0C91BC942}") = "7.2", "7.2\7.2.vcxproj", "{936DD306-930B-42AD-BA4E-DC8DC0BE6FB8}"
EndProject
Project("{8BC9CEB8-8B4A-11D0-8D11-00A0C91BC942}") = "7.3", "7.3\7.3.vcxproj", "{197E9D01-B813-439D-AA2B-1EF974B94D10}"
EndProject
Project("{8BC9CEB8-8B4A-11D0-8D11-00A0C91BC942}") = "7.4", "7.4\7.4.vcxproj", "{E06F8835-A2F7-483C-8FCB-F76F8AD3AA7D}"
EndProject
Project("{8BC9CEB8-8B4A-11D0-8D11-00A0C91BC942}") = "7.5", "7.5\7.5.vcxproj", "{015A15AC-4002-4C5D-A56D-DF64A1C610E3}"
EndProject
Project("{8BC9CEB8-8B4A-11D0-8D11-00A0C91BC942}") = "8", "8.1\8.1.vcxproj", "{5D3B90F7-A59E-4FBE-9D2E-023F2FD243CA}"
EndProject
Global
	GlobalSection(SolutionConfigurationPlatforms) = preSolution
		Debug|x64 = Debug|x64
		Debug|x86 = Debug|x86
		Release|x64 = Release|x64
		Release|x86 = Release|x86
	EndGlobalSection
	GlobalSection(ProjectConfigurationPlatforms) = postSolution
		{E03FF3F6-D5C7-438F-A27F-A8AD07D85DBB}.Debug|x64.ActiveCfg = Debug|x64
		{E03FF3F6-D5C7-438F-A27F-A8AD07D85DBB}.Debug|x64.Build.0 = Debug|x64
		{E03FF3F6-D5C7-438F-A27F-A8AD07D85DBB}.Debug|x86.ActiveCfg = Debug|Win32
		{E03FF3F6-D5C7-438F-A27F-A8AD07D85DBB}.Debug|x86.Build.0 = Debug|Win32
		{E03FF3F6-D5C7-438F-A27F-A8AD07D85DBB}.Release|x64.ActiveCfg = Release|x64
		{E03FF3F6-D5C7-438F-A27F-A8AD07D85DBB}.Release|x64.Build.0 = Release|x64
		{E03FF3F6-D5C7-438F-A27F-A8AD07D85DBB}.Release|x86.ActiveCfg = Release|Win32
		{E03FF3F6-D5C7-438F-A27F-A8AD07D85DBB}.Release|x86.Build.0 = Release|Win32
		{F1229A25-6D04-451F-AB2F-7AFEAA8B2E2C}.Debug|x64.ActiveCfg = Debug|x64
		{F1229A25-6D04-451F-AB2F-7AFEAA8B2E2C}.Debug|x64.Build.0 = Debug|x64
		{F1229A25-6D04-451F-AB2F-7AFEAA8B2E2C}.Debug|x86.ActiveCfg = Debug|Win32
		{F1229A25-6D04-451F-AB2F-7AFEAA8B2E2C}.Debug|x86.Build.0 = Debug|Win32
		{F1229A25-6D04-451F-AB2F-7AFEAA8B2E2C}.Release|x64.ActiveCfg = Release|x64
		{F1229A25-6D04-451F-AB2F-7AFEAA8B2E2C}.Release|x64.Build.0 = Release|x64
		{F1229A25-6D04-451F-AB2F-7AFEAA8B2E2C}.Release|x86.ActiveCfg = Release|Win32
		{F1229A25-6D04-451F-AB2F-7AFEAA8B2E2C}.Release|x86.Build.0 = Release|Win32
		{66899DA6-D2BB-405F-B15F-3E77F9E40C03}.Debug|x64.ActiveCfg = Debug|x64
		{66899DA6-D2BB-405F-B15F-3E77F9E40C03}.Debug|x64.Build.0 = Debug|x64
		{66899DA6-D2BB-405F-B15F-3E77F9E40C03}.Debug|x86.ActiveCfg = Debug|Win32
		{66899DA6-D2BB-405F-B15F-3E77F9E40C03}.Debug|x86.Build.0 = Debug|Win32
		{66899DA6-D2BB-405F-B15F-3E77F9E40C03}.Release|x64.ActiveCfg = Release|x64
		{66899DA6-D2BB-405F-B15F-3E77F9E40C03}.Release|x64.Build.0 = Release|x64
		{66899DA6-D2BB-405F-B15F-3E77F9E40C03}.Release|x86.ActiveCfg = Release|Win32
		{66899DA6-D2BB-405F-B15F-3E77F9E40C03}.Release|x86.Build.0 = Release|Win32
		{C69CB46E-96AF-407E-8E14-7F28A807174B}.Debug|x64.ActiveCfg = Debug|x64
		{C69CB46E-96AF-407E-8E14-7F28A807174B}.Debug|x64.Build.0 = Debug|x64
		{C69CB46E-96AF-407E-8E14-7F28A807174B}.Debug|x86.ActiveCfg = Debug|Win32
		{C69CB46E-96AF-407E-8E14-7F28A807174B}.Debug|x86.Build.0 = Debug|Win32
		{C69CB46E-96AF-407E-8E14-7F28A807174B}.Release|x64.ActiveCfg = Release|x64
		{C69CB46E-96AF-407E-8E14-7F28A807174B}.Release|x64.Build.0 = Release|x64
		{C69CB46E-96AF-407E-8E14-7F28A807174B}.Release|x86.ActiveCfg = Release|Win32
		{C69CB46E-96AF-407E-8E14-7F28A807174B}.Release|x86.Build.0 = Release|Win32
		{6DF60F52-967E-40C2-A309-15076A9390C4}.Debug|x64.ActiveCfg = Debug|x64
		{6DF60F52-967E-40C2-A309-15076A9390C4}.Debug|x64.Build.0 = Debug|x64
		{6DF60F52-967E-40C2-A309-15076A9390C4}.Debug|x86.ActiveCfg = Debug|Win32
		{6DF60F52-967E-40C2-A309-15076A9390C4}.Debug|x86.Build.0 = Debug|Win32
		{6DF60F52-967E-40C2-A309-15076A9390C4}.Release|x64.ActiveCfg = Release|x64
		{6DF60F52-967E-40C2-A309-15076A9390C4}.Release|x64.Build.0 = Release|x64
		{6DF60F52-967E-40C2-A309-15076A9390C4}.Release|x86.ActiveCfg = Release|Win32
		{6DF60F52-967E-40C2-A309-15076A9390C4}.Release|x86.Build.0 = Release|Win32
		{837C0013-1CD3-4A7D-9A49-62A69EAC9946}.Debug|x64.ActiveCfg = Debug|x64
		{837C0013-1CD3-4A7D-9A49-62A69EAC9946}.Debug|x64.Build.0 = Debug|x64
		{837C0013-1CD3-4A7D-9A49-62A69EAC9946}.Debug|x86.ActiveCfg = Debug|Win32
		{837C0013-1CD3-4A7D-9A49-62A69EAC9946}.Debug|x86.Build.0 = Debug|Win32
		{837C0013-1CD3-4A7D-9A49-62A69EAC9946}.Release|x64.ActiveCfg = Release|x64
		{837C0013-1CD3-4A7D-9A49-62A69EAC9946}.Release|x64.Build.0 = Release|x64
		{837C0013-1CD3-4A7D-9A49-62A69EAC9946}.Release|x86.ActiveCfg = Release|Win32
		{837C0013-1CD3-4A7D-9A49-62A69EAC9946}.Release|x86.Build.0 = Release|Win32
		{EB61444A-CB7E-4467-A435-4E984CC0FCE6}.Debug|x64.ActiveCfg = Debug|x64
		{EB61444A-CB7E-4467-A435-4E984CC0FCE6}.Debug|x64.Build.0 = Debug|x64
		{EB61444A-CB7E-4467-A435-4E984CC0FCE6}.Debug|x86.ActiveCfg = Debug|Win32
		{EB61444A-CB7E-4467-A435-4E984CC0FCE6}.Debug|x86.Build.0 = Debug|Win32
		{EB61444A-CB7E-4467-A435-4E984CC0FCE6}.Release|x64.ActiveCfg = Release|x64
		{EB61444A-CB7E-4467-A435-4E984CC0FCE6}.Release|x64.Build.0 = Release|x64
		{EB61444A-CB7E-4467-A435-4E984CC0FCE6}.Release|x86.ActiveCfg = Release|Win32
		{EB61444A-CB7E-4467-A435-4E984CC0FCE6}.Release|x86.Build.0 = Release|Win32
		{A162943D-8B86-4FA5-AA7A-410FD0C6CF36}.Debug|x64.ActiveCfg = Debug|x64
		{A162943D-8B86-4FA5-AA7A-410FD0C6CF36}.Debug|x64.Build.0 = Debug|x64
		{A162943D-8B86-4FA5-AA7A-410FD0C6CF36}.Debug|x86.ActiveCfg = Debug|Win32
		{A162943D-8B86-4FA5-AA7A-410FD0C6CF36}.Debug|x86.Build.0 = Debug|Win32
		{A162943D-8B86-4FA5-AA7A-410FD0C6CF36}.Release|x64.ActiveCfg = Release|x64
		{A162943D-8B86-4FA5-AA7A-410FD0C6CF36}.Release|x64.Build.0 = Release|x64
		{A162943D-8B86-4FA5-AA7A-410FD0C6CF36}.Release|x86.ActiveCfg = Release|Win32
		{A162943D-8B86-4FA5-AA7A-410FD0C6CF36}.Release|x86.Build.0 = Release|Win32
		{48B5AEEE-CE99-44CC-8441-150F95182F69}.Debug|x64.ActiveCfg = Debug|x64
		{48B5AEEE-CE99-44CC-8441-150F95182F69}.Debug|x64.Build.0 = Debug|x64
		{48B5AEEE-CE99-44CC-8441-150F95182F69}.Debug|x86.ActiveCfg = Debug|Win32
		{48B5AEEE-CE99-44CC-8441-150F95182F69}.Debug|x86.Build.0 = Debug|Win32
		{48B5AEEE-CE99-44CC-8441-150F95182F69}.Release|x64.ActiveCfg = Release|x64
		{48B5AEEE-CE99-44CC-8441-150F95182F69}.Release|x64.Build.0 = Release|x64
		{48B5AEEE-CE99-44CC-8441-150F95182F69}.Release|x86.ActiveCfg = Release|Win32
		{48B5AEEE-CE99-44CC-8441-150F95182F69}.Release|x86.Build.0 = Release|Win32
		{D3714090-1C4A-4199-B8A4-69E1915B66F4}.Debug|x64.ActiveCfg = Debug|x64
		{D3714090-1C4A-4199-B8A4-69E1915B66F4}.Debug|x64.Build.0 = Debug|x64
		{D3714090-1C4A-4199-B8A4-69E1915B66F4}.Debug|x86.ActiveCfg = Debug|Win32
		{D3714090-1C4A-4199-B8A4-69E1915B66F4}.Debug|x86.Build.0 = Debug|Win32
		{D3714090-1C4A-4199-B8A4-69E1915B66F4}.Release|x64.ActiveCfg = Release|x64
		{D3714090-1C4A-4199-B8A4-69E1915B66F4}.Release|x64.Build.0 = Release|x64
		{D3714090-1C4A-4199-B8A4-69E1915B66F4}.Release|x86.ActiveCfg = Release|Win32
		{D3714090-1C4A-4199-B8A4-69E1915B66F4}.Release|x86.Build.0 = Release|Win32
		{936DD306-930B-42AD-BA4E-DC8DC0BE6FB8}.Debug|x64.ActiveCfg = Debug|x64
		{936DD306-930B-42AD-BA4E-DC8DC0BE6FB8}.Debug|x64.Build.0 = Debug|x64
		{936DD306-930B-42AD-BA4E-DC8DC0BE6FB8}.Debug|x86.ActiveCfg = Debug|Win32
		{936DD306-930B-42AD-BA4E-DC8DC0BE6FB8}.Debug|x86.Build.0 = Debug|Win32
		{936DD306-930B-42AD-BA4E-DC8DC0BE6FB8}.Release|x64.ActiveCfg = Release|x64
		{936DD306-930B-42AD-BA4E-DC8DC0BE6FB8}.Release|x64.Build.0 = Release|x64
		{936DD306-930B-42AD-BA4E-DC8DC0BE6FB8}.Release|x86.ActiveCfg = Release|Win32
		{936DD306-930B-42AD-BA4E-DC8DC0BE6FB8}.Release|x86.Build.0 = Release|Win32
		{197E9D01-B813-439D-AA2B-1EF974B94D10}.Debug|x64.ActiveCfg = Debug|x64
		{197E9D01-B813-439D-AA2B-1EF974B94D10}.Debug|x64.Build.0 = Debug|x64
		{197E9D01-B813-439D-AA2B-1EF974B94D10}.Debug|x86.ActiveCfg = Debug|Win32
		{197E9D01-B813-439D-AA2B-1EF974B94D10}.Debug|x86.Build.0 = Debug|Win32
		{197E9D01-B813-439D-AA2B-1EF974B94D10}.Release|x64.ActiveCfg = Release|x64
		{197E9D01-B813-439D-AA2B-1EF974B94D10}.Release|x64.Build.0 = Release|x64
		{197E9D01-B813-439D-AA2B-1EF974B94D10}.Release|x86.ActiveCfg = Release|Win32
		{197E9D01-B813-439D-AA2B-1EF974B94D10}.Release|x86.Build.0 = Release|Win32
		{E06F8835-A2F7-483C-8FCB-F76F8AD3AA7D}.Debug|x64.ActiveCfg = Debug|x64
		{E06F8835-A2F7-483C-8FCB-F76F8AD3AA7D}.Debug|x64.Build.0 = Debug|x64
		{E06F8835-A2F7-483C-8FCB-F76F8AD3AA7D}.Debug|x86.ActiveCfg = Debug|Win32
		{E06F8835-A2F7-483C-8FCB-F76F8AD3AA7D}.Debug|x86.Build.0 = Debug|Win32
		{E06F8835-A2F7-483C-8FCB-F76F8AD3AA7D}.Release|x64.ActiveCfg = Release|x64
		{E06F8835-A2F7-483C-8FCB-F76F8AD3AA7D}.Release|x64.Build.0 = Release|x64
		{E06F8835-A2F7-483C-8FCB-F76F8AD3AA7D}.Release|x86.ActiveCfg = Release|Win32
		{E06F8835-A2F7-483C-8FCB-F76F8AD3AA7D}.Release|x86.Build.0 = Release|Win32
		{015A15AC-4002-4C5D-A56D-DF64A1C610E3}.Debug|x64.ActiveCfg = Debug|x64
		{015A15AC-4002-4C5D-A56D-DF64A1C610E3}.Debug|x64.Build.0 = Debug|x64
		{015A15AC-4002-4C5D-A56D-DF64A1C610E3}.Debug|x86.ActiveCfg = Debug|Win32
		{015A15AC-4002-4C5D-A56D-DF64A1C610E3}.Debug|x86.Build.0 = Debug|Win32
		{015A15AC-4002-4C5D-A56D-DF64A1C610E3}.Release|x64.ActiveCfg = Release|x64
		{015A15AC-4002-4C5D-A56D-DF64A1C610E3}.Release|x64.Build.0 = Release|x64
		{015A15AC-4002-4C5D-A56D-DF64A1C610E3}.Release|x86.ActiveCfg = Release|Win32
		{015A15AC-4002-4C5D-A56D-DF64A1C610E3}.Release|x86.Build.0 = Release|Win32
		{5D3B90F7-A59E-4FBE-9D2E-023F2FD243CA}.Debug|x64.ActiveCfg = Debug|x64
		{5D3B90F7-A59E-4FBE-9D2E-023F2FD243CA}.Debug|x64.Build.0 = Debug|x64
		{5D3B90F7-A59E-4FBE-9D2E-023F2FD243CA}.Debug|x86.ActiveCfg = Debug|Win32
		{5D3B90F7-A59E-4FBE-9D2E-023F2FD243CA}.Debug|x86.Build.0 = Debug|Win32
		{5D3B90F7-A59E-4FBE-9D2E-023F2FD243CA}.Release|x64.ActiveCfg = Release|x64
		{5D3B90F7-A59E-4FBE-9D2E-023F2FD243CA}.Release|x64.Build.0 = Release|x64
		{5D3B90F7-A59E-4FBE-9D2E-023F2FD243CA}.Release|x86.ActiveCfg = Release|Win32
		{5D3B90F7-A59E-4FBE-9D2E-023F2FD243CA}.Release|x86.Build.0 = Release|Win32
	EndGlobalSection
	GlobalSection(SolutionProperties) = preSolution
		HideSolutionNode = FALSE
	EndGlobalSection
EndGlobal
